
Microsoft Visual Studio Solution File, Format Version 12.00
# Visual Studio Version 17
VisualStudioVersion = 17.0.31903.59
MinimumVisualStudioVersion = 10.0.40219.1
Project("{2150E333-8FDC-42A3-9474-1A3956D46DE8}") = "src", "src", "{F1F143D4-5B82-4363-8663-90487B5A89A4}"
EndProject
Project("{2150E333-8FDC-42A3-9474-1A3956D46DE8}") = "CatalogService", "CatalogService", "{EB5AB8BD-323B-47B6-81E9-789247B7479F}"
EndProject
Project("{FAE04EC0-301F-11D3-BF4B-00C04F79EFBC}") = "CatalogService.API", "src\CatalogService\CatalogService.API\CatalogService.API.csproj", "{83116B2D-99F2-45FF-A8F7-E66E5E711113}"
EndProject
Project("{FAE04EC0-301F-11D3-BF4B-00C04F79EFBC}") = "CatalogService.Data", "src\CatalogService\CatalogService.Data\CatalogService.Data.csproj", "{C6CACC0B-2B43-4C9D-AA0E-0E65B22BC0AF}"
EndProject
Project("{FAE04EC0-301F-11D3-BF4B-00C04F79EFBC}") = "CatalogService.Core", "src\CatalogService\CatalogService.Core\CatalogService.Core.csproj", "{7147B60E-B1A0-45CF-9045-689A01B62E6C}"
EndProject
Project("{2150E333-8FDC-42A3-9474-1A3956D46DE8}") = "CatalogService.Tests", "CatalogService.Tests", "{60CBF18C-5CA8-4FE6-BC91-35D8E0D00516}"
EndProject
Project("{FAE04EC0-301F-11D3-BF4B-00C04F79EFBC}") = "CatalogsControllerTests", "src\CatalogService.Tests\CatalogsControllerTests\CatalogsControllerTests.csproj", "{88226656-E6DA-47CE-A37A-DC17DBBA806C}"
EndProject
Project("{FAE04EC0-301F-11D3-BF4B-00C04F79EFBC}") = "CatalogsServiceTests", "src\CatalogService.Tests\CatalogsServiceTests\CatalogsServiceTests.csproj", "{EA61DD75-7585-4C24-BD4C-94053FEA4C7D}"
EndProject
Global
	GlobalSection(SolutionConfigurationPlatforms) = preSolution
		Debug|Any CPU = Debug|Any CPU
		Release|Any CPU = Release|Any CPU
	EndGlobalSection
	GlobalSection(SolutionProperties) = preSolution
		HideSolutionNode = FALSE
	EndGlobalSection
	GlobalSection(ProjectConfigurationPlatforms) = postSolution
		{83116B2D-99F2-45FF-A8F7-E66E5E711113}.Debug|Any CPU.ActiveCfg = Debug|Any CPU
		{83116B2D-99F2-45FF-A8F7-E66E5E711113}.Debug|Any CPU.Build.0 = Debug|Any CPU
		{83116B2D-99F2-45FF-A8F7-E66E5E711113}.Release|Any CPU.ActiveCfg = Release|Any CPU
		{83116B2D-99F2-45FF-A8F7-E66E5E711113}.Release|Any CPU.Build.0 = Release|Any CPU
		{C6CACC0B-2B43-4C9D-AA0E-0E65B22BC0AF}.Debug|Any CPU.ActiveCfg = Debug|Any CPU
		{C6CACC0B-2B43-4C9D-AA0E-0E65B22BC0AF}.Debug|Any CPU.Build.0 = Debug|Any CPU
		{C6CACC0B-2B43-4C9D-AA0E-0E65B22BC0AF}.Release|Any CPU.ActiveCfg = Release|Any CPU
		{C6CACC0B-2B43-4C9D-AA0E-0E65B22BC0AF}.Release|Any CPU.Build.0 = Release|Any CPU
		{7147B60E-B1A0-45CF-9045-689A01B62E6C}.Debug|Any CPU.ActiveCfg = Debug|Any CPU
		{7147B60E-B1A0-45CF-9045-689A01B62E6C}.Debug|Any CPU.Build.0 = Debug|Any CPU
		{7147B60E-B1A0-45CF-9045-689A01B62E6C}.Release|Any CPU.ActiveCfg = Release|Any CPU
		{7147B60E-B1A0-45CF-9045-689A01B62E6C}.Release|Any CPU.Build.0 = Release|Any CPU
		{88226656-E6DA-47CE-A37A-DC17DBBA806C}.Debug|Any CPU.ActiveCfg = Debug|Any CPU
		{88226656-E6DA-47CE-A37A-DC17DBBA806C}.Debug|Any CPU.Build.0 = Debug|Any CPU
		{88226656-E6DA-47CE-A37A-DC17DBBA806C}.Release|Any CPU.ActiveCfg = Release|Any CPU
		{88226656-E6DA-47CE-A37A-DC17DBBA806C}.Release|Any CPU.Build.0 = Release|Any CPU
		{EA61DD75-7585-4C24-BD4C-94053FEA4C7D}.Debug|Any CPU.ActiveCfg = Debug|Any CPU
		{EA61DD75-7585-4C24-BD4C-94053FEA4C7D}.Debug|Any CPU.Build.0 = Debug|Any CPU
		{EA61DD75-7585-4C24-BD4C-94053FEA4C7D}.Release|Any CPU.ActiveCfg = Release|Any CPU
		{EA61DD75-7585-4C24-BD4C-94053FEA4C7D}.Release|Any CPU.Build.0 = Release|Any CPU
	EndGlobalSection
	GlobalSection(NestedProjects) = preSolution
		{EB5AB8BD-323B-47B6-81E9-789247B7479F} = {F1F143D4-5B82-4363-8663-90487B5A89A4}
		{83116B2D-99F2-45FF-A8F7-E66E5E711113} = {EB5AB8BD-323B-47B6-81E9-789247B7479F}
		{C6CACC0B-2B43-4C9D-AA0E-0E65B22BC0AF} = {EB5AB8BD-323B-47B6-81E9-789247B7479F}
		{7147B60E-B1A0-45CF-9045-689A01B62E6C} = {EB5AB8BD-323B-47B6-81E9-789247B7479F}
		{60CBF18C-5CA8-4FE6-BC91-35D8E0D00516} = {F1F143D4-5B82-4363-8663-90487B5A89A4}
		{88226656-E6DA-47CE-A37A-DC17DBBA806C} = {60CBF18C-5CA8-4FE6-BC91-35D8E0D00516}
		{EA61DD75-7585-4C24-BD4C-94053FEA4C7D} = {60CBF18C-5CA8-4FE6-BC91-35D8E0D00516}
	EndGlobalSection
EndGlobal
