
Microsoft Visual Studio Solution File, Format Version 12.00
# Visual Studio Version 17
VisualStudioVersion = 17.0.31903.59
MinimumVisualStudioVersion = 10.0.40219.1
Project("{2150E333-8FDC-42A3-9474-1A3956D46DE8}") = "OrderService", "OrderService", "{9F4AD6B7-311E-4638-A2F6-67F8AC5C470D}"
EndProject
Project("{2150E333-8FDC-42A3-9474-1A3956D46DE8}") = "src", "src", "{698D7BF3-5E39-42EE-B1DB-362163813337}"
EndProject
Project("{2150E333-8FDC-42A3-9474-1A3956D46DE8}") = "OrderService", "OrderService", "{8EAEBC42-C23F-4DA3-9F53-D209B25DB869}"
EndProject
Project("{FAE04EC0-301F-11D3-BF4B-00C04F79EFBC}") = "OrderService.API", "OrderService\src\OrderService\OrderService.API\OrderService.API.csproj", "{CF05918F-CE22-47C5-8D25-E55D868CC437}"
EndProject
Project("{FAE04EC0-301F-11D3-BF4B-00C04F79EFBC}") = "OrderService.Core", "OrderService\src\OrderService\OrderService.Core\OrderService.Core.csproj", "{AE0BC99E-F333-4E89-B5F3-C66F3FBCE490}"
EndProject
Project("{FAE04EC0-301F-11D3-BF4B-00C04F79EFBC}") = "OrderService.Data", "OrderService\src\OrderService\OrderService.Data\OrderService.Data.csproj", "{931403F0-534A-481B-A04E-E32271887497}"
EndProject
Project("{2150E333-8FDC-42A3-9474-1A3956D46DE8}") = "OrderService.Tests", "OrderService.Tests", "{9233E902-ED4D-410D-A429-9415472FCAEC}"
EndProject
Project("{FAE04EC0-301F-11D3-BF4B-00C04F79EFBC}") = "OrdersControllerTests", "OrderService\src\OrderService.Tests\OrdersControllerTests\OrdersControllerTests.csproj", "{938F4A64-26D3-4A61-8834-FE42A1066193}"
EndProject
Project("{FAE04EC0-301F-11D3-BF4B-00C04F79EFBC}") = "OrdersServiceTests", "OrderService\src\OrderService.Tests\OrdersServiceTests\OrdersServiceTests.csproj", "{69DA9E67-8108-4AF7-B16D-1791F525B129}"
EndProject
Project("{2150E333-8FDC-42A3-9474-1A3956D46DE8}") = "CatalogService", "CatalogService", "{0373A2AA-35EF-4522-A55F-FD9B78926373}"
EndProject
Project("{2150E333-8FDC-42A3-9474-1A3956D46DE8}") = "src", "src", "{D388DF06-7053-4F51-87A6-F01CBE7EAEFD}"
EndProject
Project("{2150E333-8FDC-42A3-9474-1A3956D46DE8}") = "CatalogService", "CatalogService", "{1F1475AD-8E49-4E82-A831-650178A6AAC6}"
EndProject
Project("{FAE04EC0-301F-11D3-BF4B-00C04F79EFBC}") = "CatalogService.API", "CatalogService\src\CatalogService\CatalogService.API\CatalogService.API.csproj", "{E3B9EE3F-D575-4551-81C9-281BA3B88280}"
EndProject
Project("{FAE04EC0-301F-11D3-BF4B-00C04F79EFBC}") = "CatalogService.Data", "CatalogService\src\CatalogService\CatalogService.Data\CatalogService.Data.csproj", "{5479361E-F9B0-4EF5-821F-62C750E9B08A}"
EndProject
Project("{FAE04EC0-301F-11D3-BF4B-00C04F79EFBC}") = "CatalogService.Core", "CatalogService\src\CatalogService\CatalogService.Core\CatalogService.Core.csproj", "{50754641-0BEC-412F-A030-A13291CD29BE}"
EndProject
Project("{2150E333-8FDC-42A3-9474-1A3956D46DE8}") = "InventoryService", "InventoryService", "{21D4EB14-3AAF-4A2A-BF80-B227EAA15C4A}"
EndProject
Project("{2150E333-8FDC-42A3-9474-1A3956D46DE8}") = "src", "src", "{5B38F0C1-5003-429C-9A6C-C533FB488EA8}"
EndProject
Project("{2150E333-8FDC-42A3-9474-1A3956D46DE8}") = "InventoryService", "InventoryService", "{1C1E3611-3038-42A0-9794-A5D7457C97E5}"
EndProject
Project("{FAE04EC0-301F-11D3-BF4B-00C04F79EFBC}") = "InventoryService.API", "InventoryService\src\InventoryService\InventoryService.API\InventoryService.API.csproj", "{70EDC496-3A23-4770-BE27-390F9961BB1C}"
EndProject
Project("{FAE04EC0-301F-11D3-BF4B-00C04F79EFBC}") = "InventoryService.Data", "InventoryService\src\InventoryService\InventoryService.Data\InventoryService.Data.csproj", "{237028AA-8915-47F7-A4D4-264447A8CCED}"
EndProject
Project("{FAE04EC0-301F-11D3-BF4B-00C04F79EFBC}") = "InventoryService.Core", "InventoryService\src\InventoryService\InventoryService.Core\InventoryService.Core.csproj", "{0BDABEE3-793E-4A94-BDDB-B5FF918B1006}"
EndProject
Project("{2150E333-8FDC-42A3-9474-1A3956D46DE8}") = "ProductService", "ProductService", "{5E90B558-B89B-41A7-8D52-5B067A58D5C0}"
EndProject
Project("{2150E333-8FDC-42A3-9474-1A3956D46DE8}") = "src", "src", "{C49EC742-FE90-40DE-A030-4D78BB84CCD7}"
EndProject
Project("{2150E333-8FDC-42A3-9474-1A3956D46DE8}") = "ProductService", "ProductService", "{550D92AA-7979-4DFE-AB0A-291AA3ACEC99}"
EndProject
Project("{FAE04EC0-301F-11D3-BF4B-00C04F79EFBC}") = "ProductService.API", "ProductService\src\ProductService\ProductService.API\ProductService.API.csproj", "{7787CCF0-C4D6-4779-9E2D-8E0CD25806A1}"
EndProject
Project("{FAE04EC0-301F-11D3-BF4B-00C04F79EFBC}") = "ProductService.Data", "ProductService\src\ProductService\ProductService.Data\ProductService.Data.csproj", "{2A1B49CA-0471-456E-B0FF-3B58F9221729}"
EndProject
Project("{FAE04EC0-301F-11D3-BF4B-00C04F79EFBC}") = "ProductService.Core", "ProductService\src\ProductService\ProductService.Core\ProductService.Core.csproj", "{74B6920E-2D7C-41F1-84F5-325AF7C3E7FB}"
EndProject
Project("{2150E333-8FDC-42A3-9474-1A3956D46DE8}") = "UserService", "UserService", "{87A59A7C-AD55-48BD-A316-0C7CE5A69475}"
EndProject
Project("{2150E333-8FDC-42A3-9474-1A3956D46DE8}") = "src", "src", "{3663510E-5E3A-47AE-8A4E-CF913808C069}"
EndProject
Project("{2150E333-8FDC-42A3-9474-1A3956D46DE8}") = "UserService", "UserService", "{A7C6B0CF-A5F9-4F1C-A46B-3B3B6DC2A062}"
EndProject
Project("{FAE04EC0-301F-11D3-BF4B-00C04F79EFBC}") = "UserService.API", "UserService\src\UserService\UserService.API\UserService.API.csproj", "{F6DEA61F-E84F-4BFC-B849-00DFB8FE6B5B}"
EndProject
Project("{FAE04EC0-301F-11D3-BF4B-00C04F79EFBC}") = "UserService.Data", "UserService\src\UserService\UserService.Data\UserService.Data.csproj", "{EF702A6E-2623-423C-A3EC-BD9FE6D4BE47}"
EndProject
Project("{FAE04EC0-301F-11D3-BF4B-00C04F79EFBC}") = "UserService.Core", "UserService\src\UserService\UserService.Core\UserService.Core.csproj", "{3151B963-828B-4EA9-B320-D2633A3D20D5}"
EndProject
Project("{2150E333-8FDC-42A3-9474-1A3956D46DE8}") = "CatalogService.Tests", "CatalogService.Tests", "{5EBE1260-9154-4662-A998-3DC29A7E2F7D}"
EndProject
Project("{FAE04EC0-301F-11D3-BF4B-00C04F79EFBC}") = "CatalogsServiceTests", "CatalogService\src\CatalogService.Tests\CatalogsServiceTests\CatalogsServiceTests.csproj", "{36F241FC-913F-420B-A46E-2E2C03E3E207}"
EndProject
Project("{FAE04EC0-301F-11D3-BF4B-00C04F79EFBC}") = "CatalogsControllerTests", "CatalogService\src\CatalogService.Tests\CatalogsControllerTests\CatalogsControllerTests.csproj", "{625A37BE-DD99-4570-BB94-7A0EF4AD0D29}"
EndProject
Project("{2150E333-8FDC-42A3-9474-1A3956D46DE8}") = "InventoryService.Tests", "InventoryService.Tests", "{3726AF9E-45C6-4F12-907F-3D64D0178427}"
EndProject
Project("{FAE04EC0-301F-11D3-BF4B-00C04F79EFBC}") = "InventoryControllerTests", "InventoryService\src\InventoryService.Tests\InventoryControllerTests\InventoryControllerTests.csproj", "{62AF8E5C-A63F-4CA5-AF9D-5A0B71E29EB8}"
EndProject
Project("{FAE04EC0-301F-11D3-BF4B-00C04F79EFBC}") = "InventoryServiceTests", "InventoryService\src\InventoryService.Tests\InventoryServiceTests\InventoryServiceTests.csproj", "{E9F4321C-C1B2-4771-8203-254F90C32EF0}"
EndProject
Project("{2150E333-8FDC-42A3-9474-1A3956D46DE8}") = "ProductService.Tests", "ProductService.Tests", "{82D1402D-5ACB-413A-8EAF-E7895CA27B97}"
EndProject
Project("{FAE04EC0-301F-11D3-BF4B-00C04F79EFBC}") = "ProductsControllerTests", "ProductService\src\ProductService.Tests\ProductsControllerTests\ProductsControllerTests.csproj", "{BC5631B9-4BAE-4E44-8E15-DAAA1CDEFE31}"
EndProject
Project("{FAE04EC0-301F-11D3-BF4B-00C04F79EFBC}") = "ProductsServiceTests", "ProductService\src\ProductService.Tests\ProductsServiceTests\ProductsServiceTests.csproj", "{BE824F08-1B2B-4588-AC89-24F7DB17FDFF}"
EndProject
Project("{2150E333-8FDC-42A3-9474-1A3956D46DE8}") = "UserService.Tests", "UserService.Tests", "{909926E1-DB72-4727-9D50-2B1483FCBD96}"
EndProject
Project("{FAE04EC0-301F-11D3-BF4B-00C04F79EFBC}") = "UsersControllerTests", "UserService\src\UserService.Tests\UsersControllerTests\UsersControllerTests.csproj", "{F33032D5-A871-4291-B5D1-33A803CF9EAB}"
EndProject
Project("{FAE04EC0-301F-11D3-BF4B-00C04F79EFBC}") = "UsersServiceTests", "UserService\src\UserService.Tests\UsersServiceTests\UsersServiceTests.csproj", "{46C9F15D-A09B-4C5D-96F7-E04033B53909}"
EndProject
Project("{2150E333-8FDC-42A3-9474-1A3956D46DE8}") = "ApiGateway", "ApiGateway", "{33BC2E3E-67EA-43AD-AA94-5C6CF45F3C78}"
EndProject
Project("{2150E333-8FDC-42A3-9474-1A3956D46DE8}") = "src", "src", "{63045E80-826F-4516-8D53-A442AFF30FAE}"
EndProject
Project("{2150E333-8FDC-42A3-9474-1A3956D46DE8}") = "ApiGateway", "ApiGateway", "{849BF97D-70A8-4E1B-BAC1-25C879685581}"
EndProject
Project("{FAE04EC0-301F-11D3-BF4B-00C04F79EFBC}") = "ApiGateway.API", "ApiGateway\src\ApiGateway\ApiGateway.API\ApiGateway.API.csproj", "{E10E4F01-644B-4141-B905-5E4ADCC2DB6E}"
EndProject
Project("{FAE04EC0-301F-11D3-BF4B-00C04F79EFBC}") = "ApiGateway.Data", "ApiGateway\src\ApiGateway\ApiGateway.Data\ApiGateway.Data.csproj", "{D4EB0F5F-38DB-4A40-A793-3622677AD84E}"
EndProject
Project("{FAE04EC0-301F-11D3-BF4B-00C04F79EFBC}") = "ApiGateway.Core", "ApiGateway\src\ApiGateway\ApiGateway.Core\ApiGateway.Core.csproj", "{88A782BC-9D20-4C91-B9B3-685CE1188071}"
EndProject
Project("{2150E333-8FDC-42A3-9474-1A3956D46DE8}") = "ApiGateway.Tests", "ApiGateway.Tests", "{566C25FA-AA90-4B42-A8FC-C30FA25D2C73}"
EndProject
Project("{FAE04EC0-301F-11D3-BF4B-00C04F79EFBC}") = "ApiGatewayControllerTests", "ApiGateway\src\ApiGateway.Tests\ApiGatewayControllerTests\ApiGatewayControllerTests.csproj", "{A0FE756D-1EDC-462D-B2DB-5057552AD2A4}"
EndProject
Project("{FAE04EC0-301F-11D3-BF4B-00C04F79EFBC}") = "ApiGatewayServicesTests", "ApiGateway\src\ApiGateway.Tests\ApiGatewayServicesTests\ApiGatewayServicesTests.csproj", "{5C0F129D-B5C0-4EEF-B915-A60FE2124B30}"
EndProject
Global
	GlobalSection(SolutionConfigurationPlatforms) = preSolution
		Debug|Any CPU = Debug|Any CPU
		Release|Any CPU = Release|Any CPU
	EndGlobalSection
	GlobalSection(SolutionProperties) = preSolution
		HideSolutionNode = FALSE
	EndGlobalSection
	GlobalSection(ProjectConfigurationPlatforms) = postSolution
		{CF05918F-CE22-47C5-8D25-E55D868CC437}.Debug|Any CPU.ActiveCfg = Debug|Any CPU
		{CF05918F-CE22-47C5-8D25-E55D868CC437}.Debug|Any CPU.Build.0 = Debug|Any CPU
		{CF05918F-CE22-47C5-8D25-E55D868CC437}.Release|Any CPU.ActiveCfg = Release|Any CPU
		{CF05918F-CE22-47C5-8D25-E55D868CC437}.Release|Any CPU.Build.0 = Release|Any CPU
		{AE0BC99E-F333-4E89-B5F3-C66F3FBCE490}.Debug|Any CPU.ActiveCfg = Debug|Any CPU
		{AE0BC99E-F333-4E89-B5F3-C66F3FBCE490}.Debug|Any CPU.Build.0 = Debug|Any CPU
		{AE0BC99E-F333-4E89-B5F3-C66F3FBCE490}.Release|Any CPU.ActiveCfg = Release|Any CPU
		{AE0BC99E-F333-4E89-B5F3-C66F3FBCE490}.Release|Any CPU.Build.0 = Release|Any CPU
		{931403F0-534A-481B-A04E-E32271887497}.Debug|Any CPU.ActiveCfg = Debug|Any CPU
		{931403F0-534A-481B-A04E-E32271887497}.Debug|Any CPU.Build.0 = Debug|Any CPU
		{931403F0-534A-481B-A04E-E32271887497}.Release|Any CPU.ActiveCfg = Release|Any CPU
		{931403F0-534A-481B-A04E-E32271887497}.Release|Any CPU.Build.0 = Release|Any CPU
		{938F4A64-26D3-4A61-8834-FE42A1066193}.Debug|Any CPU.ActiveCfg = Debug|Any CPU
		{938F4A64-26D3-4A61-8834-FE42A1066193}.Debug|Any CPU.Build.0 = Debug|Any CPU
		{938F4A64-26D3-4A61-8834-FE42A1066193}.Release|Any CPU.ActiveCfg = Release|Any CPU
		{938F4A64-26D3-4A61-8834-FE42A1066193}.Release|Any CPU.Build.0 = Release|Any CPU
		{69DA9E67-8108-4AF7-B16D-1791F525B129}.Debug|Any CPU.ActiveCfg = Debug|Any CPU
		{69DA9E67-8108-4AF7-B16D-1791F525B129}.Debug|Any CPU.Build.0 = Debug|Any CPU
		{69DA9E67-8108-4AF7-B16D-1791F525B129}.Release|Any CPU.ActiveCfg = Release|Any CPU
		{69DA9E67-8108-4AF7-B16D-1791F525B129}.Release|Any CPU.Build.0 = Release|Any CPU
		{E3B9EE3F-D575-4551-81C9-281BA3B88280}.Debug|Any CPU.ActiveCfg = Debug|Any CPU
		{E3B9EE3F-D575-4551-81C9-281BA3B88280}.Debug|Any CPU.Build.0 = Debug|Any CPU
		{E3B9EE3F-D575-4551-81C9-281BA3B88280}.Release|Any CPU.ActiveCfg = Release|Any CPU
		{E3B9EE3F-D575-4551-81C9-281BA3B88280}.Release|Any CPU.Build.0 = Release|Any CPU
		{5479361E-F9B0-4EF5-821F-62C750E9B08A}.Debug|Any CPU.ActiveCfg = Debug|Any CPU
		{5479361E-F9B0-4EF5-821F-62C750E9B08A}.Debug|Any CPU.Build.0 = Debug|Any CPU
		{5479361E-F9B0-4EF5-821F-62C750E9B08A}.Release|Any CPU.ActiveCfg = Release|Any CPU
		{5479361E-F9B0-4EF5-821F-62C750E9B08A}.Release|Any CPU.Build.0 = Release|Any CPU
		{50754641-0BEC-412F-A030-A13291CD29BE}.Debug|Any CPU.ActiveCfg = Debug|Any CPU
		{50754641-0BEC-412F-A030-A13291CD29BE}.Debug|Any CPU.Build.0 = Debug|Any CPU
		{50754641-0BEC-412F-A030-A13291CD29BE}.Release|Any CPU.ActiveCfg = Release|Any CPU
		{50754641-0BEC-412F-A030-A13291CD29BE}.Release|Any CPU.Build.0 = Release|Any CPU
		{70EDC496-3A23-4770-BE27-390F9961BB1C}.Debug|Any CPU.ActiveCfg = Debug|Any CPU
		{70EDC496-3A23-4770-BE27-390F9961BB1C}.Debug|Any CPU.Build.0 = Debug|Any CPU
		{70EDC496-3A23-4770-BE27-390F9961BB1C}.Release|Any CPU.ActiveCfg = Release|Any CPU
		{70EDC496-3A23-4770-BE27-390F9961BB1C}.Release|Any CPU.Build.0 = Release|Any CPU
		{237028AA-8915-47F7-A4D4-264447A8CCED}.Debug|Any CPU.ActiveCfg = Debug|Any CPU
		{237028AA-8915-47F7-A4D4-264447A8CCED}.Debug|Any CPU.Build.0 = Debug|Any CPU
		{237028AA-8915-47F7-A4D4-264447A8CCED}.Release|Any CPU.ActiveCfg = Release|Any CPU
		{237028AA-8915-47F7-A4D4-264447A8CCED}.Release|Any CPU.Build.0 = Release|Any CPU
		{0BDABEE3-793E-4A94-BDDB-B5FF918B1006}.Debug|Any CPU.ActiveCfg = Debug|Any CPU
		{0BDABEE3-793E-4A94-BDDB-B5FF918B1006}.Debug|Any CPU.Build.0 = Debug|Any CPU
		{0BDABEE3-793E-4A94-BDDB-B5FF918B1006}.Release|Any CPU.ActiveCfg = Release|Any CPU
		{0BDABEE3-793E-4A94-BDDB-B5FF918B1006}.Release|Any CPU.Build.0 = Release|Any CPU
		{7787CCF0-C4D6-4779-9E2D-8E0CD25806A1}.Debug|Any CPU.ActiveCfg = Debug|Any CPU
		{7787CCF0-C4D6-4779-9E2D-8E0CD25806A1}.Debug|Any CPU.Build.0 = Debug|Any CPU
		{7787CCF0-C4D6-4779-9E2D-8E0CD25806A1}.Release|Any CPU.ActiveCfg = Release|Any CPU
		{7787CCF0-C4D6-4779-9E2D-8E0CD25806A1}.Release|Any CPU.Build.0 = Release|Any CPU
		{2A1B49CA-0471-456E-B0FF-3B58F9221729}.Debug|Any CPU.ActiveCfg = Debug|Any CPU
		{2A1B49CA-0471-456E-B0FF-3B58F9221729}.Debug|Any CPU.Build.0 = Debug|Any CPU
		{2A1B49CA-0471-456E-B0FF-3B58F9221729}.Release|Any CPU.ActiveCfg = Release|Any CPU
		{2A1B49CA-0471-456E-B0FF-3B58F9221729}.Release|Any CPU.Build.0 = Release|Any CPU
		{74B6920E-2D7C-41F1-84F5-325AF7C3E7FB}.Debug|Any CPU.ActiveCfg = Debug|Any CPU
		{74B6920E-2D7C-41F1-84F5-325AF7C3E7FB}.Debug|Any CPU.Build.0 = Debug|Any CPU
		{74B6920E-2D7C-41F1-84F5-325AF7C3E7FB}.Release|Any CPU.ActiveCfg = Release|Any CPU
		{74B6920E-2D7C-41F1-84F5-325AF7C3E7FB}.Release|Any CPU.Build.0 = Release|Any CPU
		{F6DEA61F-E84F-4BFC-B849-00DFB8FE6B5B}.Debug|Any CPU.ActiveCfg = Debug|Any CPU
		{F6DEA61F-E84F-4BFC-B849-00DFB8FE6B5B}.Debug|Any CPU.Build.0 = Debug|Any CPU
		{F6DEA61F-E84F-4BFC-B849-00DFB8FE6B5B}.Release|Any CPU.ActiveCfg = Release|Any CPU
		{F6DEA61F-E84F-4BFC-B849-00DFB8FE6B5B}.Release|Any CPU.Build.0 = Release|Any CPU
		{EF702A6E-2623-423C-A3EC-BD9FE6D4BE47}.Debug|Any CPU.ActiveCfg = Debug|Any CPU
		{EF702A6E-2623-423C-A3EC-BD9FE6D4BE47}.Debug|Any CPU.Build.0 = Debug|Any CPU
		{EF702A6E-2623-423C-A3EC-BD9FE6D4BE47}.Release|Any CPU.ActiveCfg = Release|Any CPU
		{EF702A6E-2623-423C-A3EC-BD9FE6D4BE47}.Release|Any CPU.Build.0 = Release|Any CPU
		{3151B963-828B-4EA9-B320-D2633A3D20D5}.Debug|Any CPU.ActiveCfg = Debug|Any CPU
		{3151B963-828B-4EA9-B320-D2633A3D20D5}.Debug|Any CPU.Build.0 = Debug|Any CPU
		{3151B963-828B-4EA9-B320-D2633A3D20D5}.Release|Any CPU.ActiveCfg = Release|Any CPU
		{3151B963-828B-4EA9-B320-D2633A3D20D5}.Release|Any CPU.Build.0 = Release|Any CPU
		{36F241FC-913F-420B-A46E-2E2C03E3E207}.Debug|Any CPU.ActiveCfg = Debug|Any CPU
		{36F241FC-913F-420B-A46E-2E2C03E3E207}.Debug|Any CPU.Build.0 = Debug|Any CPU
		{36F241FC-913F-420B-A46E-2E2C03E3E207}.Release|Any CPU.ActiveCfg = Release|Any CPU
		{36F241FC-913F-420B-A46E-2E2C03E3E207}.Release|Any CPU.Build.0 = Release|Any CPU
		{625A37BE-DD99-4570-BB94-7A0EF4AD0D29}.Debug|Any CPU.ActiveCfg = Debug|Any CPU
		{625A37BE-DD99-4570-BB94-7A0EF4AD0D29}.Debug|Any CPU.Build.0 = Debug|Any CPU
		{625A37BE-DD99-4570-BB94-7A0EF4AD0D29}.Release|Any CPU.ActiveCfg = Release|Any CPU
		{625A37BE-DD99-4570-BB94-7A0EF4AD0D29}.Release|Any CPU.Build.0 = Release|Any CPU
		{62AF8E5C-A63F-4CA5-AF9D-5A0B71E29EB8}.Debug|Any CPU.ActiveCfg = Debug|Any CPU
		{62AF8E5C-A63F-4CA5-AF9D-5A0B71E29EB8}.Debug|Any CPU.Build.0 = Debug|Any CPU
		{62AF8E5C-A63F-4CA5-AF9D-5A0B71E29EB8}.Release|Any CPU.ActiveCfg = Release|Any CPU
		{62AF8E5C-A63F-4CA5-AF9D-5A0B71E29EB8}.Release|Any CPU.Build.0 = Release|Any CPU
		{E9F4321C-C1B2-4771-8203-254F90C32EF0}.Debug|Any CPU.ActiveCfg = Debug|Any CPU
		{E9F4321C-C1B2-4771-8203-254F90C32EF0}.Debug|Any CPU.Build.0 = Debug|Any CPU
		{E9F4321C-C1B2-4771-8203-254F90C32EF0}.Release|Any CPU.ActiveCfg = Release|Any CPU
		{E9F4321C-C1B2-4771-8203-254F90C32EF0}.Release|Any CPU.Build.0 = Release|Any CPU
		{BC5631B9-4BAE-4E44-8E15-DAAA1CDEFE31}.Debug|Any CPU.ActiveCfg = Debug|Any CPU
		{BC5631B9-4BAE-4E44-8E15-DAAA1CDEFE31}.Debug|Any CPU.Build.0 = Debug|Any CPU
		{BC5631B9-4BAE-4E44-8E15-DAAA1CDEFE31}.Release|Any CPU.ActiveCfg = Release|Any CPU
		{BC5631B9-4BAE-4E44-8E15-DAAA1CDEFE31}.Release|Any CPU.Build.0 = Release|Any CPU
		{BE824F08-1B2B-4588-AC89-24F7DB17FDFF}.Debug|Any CPU.ActiveCfg = Debug|Any CPU
		{BE824F08-1B2B-4588-AC89-24F7DB17FDFF}.Debug|Any CPU.Build.0 = Debug|Any CPU
		{BE824F08-1B2B-4588-AC89-24F7DB17FDFF}.Release|Any CPU.ActiveCfg = Release|Any CPU
		{BE824F08-1B2B-4588-AC89-24F7DB17FDFF}.Release|Any CPU.Build.0 = Release|Any CPU
		{F33032D5-A871-4291-B5D1-33A803CF9EAB}.Debug|Any CPU.ActiveCfg = Debug|Any CPU
		{F33032D5-A871-4291-B5D1-33A803CF9EAB}.Debug|Any CPU.Build.0 = Debug|Any CPU
		{F33032D5-A871-4291-B5D1-33A803CF9EAB}.Release|Any CPU.ActiveCfg = Release|Any CPU
		{F33032D5-A871-4291-B5D1-33A803CF9EAB}.Release|Any CPU.Build.0 = Release|Any CPU
		{46C9F15D-A09B-4C5D-96F7-E04033B53909}.Debug|Any CPU.ActiveCfg = Debug|Any CPU
		{46C9F15D-A09B-4C5D-96F7-E04033B53909}.Debug|Any CPU.Build.0 = Debug|Any CPU
		{46C9F15D-A09B-4C5D-96F7-E04033B53909}.Release|Any CPU.ActiveCfg = Release|Any CPU
		{46C9F15D-A09B-4C5D-96F7-E04033B53909}.Release|Any CPU.Build.0 = Release|Any CPU
		{E10E4F01-644B-4141-B905-5E4ADCC2DB6E}.Debug|Any CPU.ActiveCfg = Debug|Any CPU
		{E10E4F01-644B-4141-B905-5E4ADCC2DB6E}.Debug|Any CPU.Build.0 = Debug|Any CPU
		{E10E4F01-644B-4141-B905-5E4ADCC2DB6E}.Release|Any CPU.ActiveCfg = Release|Any CPU
		{E10E4F01-644B-4141-B905-5E4ADCC2DB6E}.Release|Any CPU.Build.0 = Release|Any CPU
		{D4EB0F5F-38DB-4A40-A793-3622677AD84E}.Debug|Any CPU.ActiveCfg = Debug|Any CPU
		{D4EB0F5F-38DB-4A40-A793-3622677AD84E}.Debug|Any CPU.Build.0 = Debug|Any CPU
		{D4EB0F5F-38DB-4A40-A793-3622677AD84E}.Release|Any CPU.ActiveCfg = Release|Any CPU
		{D4EB0F5F-38DB-4A40-A793-3622677AD84E}.Release|Any CPU.Build.0 = Release|Any CPU
		{88A782BC-9D20-4C91-B9B3-685CE1188071}.Debug|Any CPU.ActiveCfg = Debug|Any CPU
		{88A782BC-9D20-4C91-B9B3-685CE1188071}.Debug|Any CPU.Build.0 = Debug|Any CPU
		{88A782BC-9D20-4C91-B9B3-685CE1188071}.Release|Any CPU.ActiveCfg = Release|Any CPU
		{88A782BC-9D20-4C91-B9B3-685CE1188071}.Release|Any CPU.Build.0 = Release|Any CPU
		{A0FE756D-1EDC-462D-B2DB-5057552AD2A4}.Debug|Any CPU.ActiveCfg = Debug|Any CPU
		{A0FE756D-1EDC-462D-B2DB-5057552AD2A4}.Debug|Any CPU.Build.0 = Debug|Any CPU
		{A0FE756D-1EDC-462D-B2DB-5057552AD2A4}.Release|Any CPU.ActiveCfg = Release|Any CPU
		{A0FE756D-1EDC-462D-B2DB-5057552AD2A4}.Release|Any CPU.Build.0 = Release|Any CPU
		{5C0F129D-B5C0-4EEF-B915-A60FE2124B30}.Debug|Any CPU.ActiveCfg = Debug|Any CPU
		{5C0F129D-B5C0-4EEF-B915-A60FE2124B30}.Debug|Any CPU.Build.0 = Debug|Any CPU
		{5C0F129D-B5C0-4EEF-B915-A60FE2124B30}.Release|Any CPU.ActiveCfg = Release|Any CPU
		{5C0F129D-B5C0-4EEF-B915-A60FE2124B30}.Release|Any CPU.Build.0 = Release|Any CPU
	EndGlobalSection
	GlobalSection(NestedProjects) = preSolution
		{698D7BF3-5E39-42EE-B1DB-362163813337} = {9F4AD6B7-311E-4638-A2F6-67F8AC5C470D}
		{8EAEBC42-C23F-4DA3-9F53-D209B25DB869} = {698D7BF3-5E39-42EE-B1DB-362163813337}
		{CF05918F-CE22-47C5-8D25-E55D868CC437} = {8EAEBC42-C23F-4DA3-9F53-D209B25DB869}
		{AE0BC99E-F333-4E89-B5F3-C66F3FBCE490} = {8EAEBC42-C23F-4DA3-9F53-D209B25DB869}
		{931403F0-534A-481B-A04E-E32271887497} = {8EAEBC42-C23F-4DA3-9F53-D209B25DB869}
		{9233E902-ED4D-410D-A429-9415472FCAEC} = {698D7BF3-5E39-42EE-B1DB-362163813337}
		{938F4A64-26D3-4A61-8834-FE42A1066193} = {9233E902-ED4D-410D-A429-9415472FCAEC}
		{69DA9E67-8108-4AF7-B16D-1791F525B129} = {9233E902-ED4D-410D-A429-9415472FCAEC}
		{D388DF06-7053-4F51-87A6-F01CBE7EAEFD} = {0373A2AA-35EF-4522-A55F-FD9B78926373}
		{1F1475AD-8E49-4E82-A831-650178A6AAC6} = {D388DF06-7053-4F51-87A6-F01CBE7EAEFD}
		{E3B9EE3F-D575-4551-81C9-281BA3B88280} = {1F1475AD-8E49-4E82-A831-650178A6AAC6}
		{5479361E-F9B0-4EF5-821F-62C750E9B08A} = {1F1475AD-8E49-4E82-A831-650178A6AAC6}
		{50754641-0BEC-412F-A030-A13291CD29BE} = {1F1475AD-8E49-4E82-A831-650178A6AAC6}
		{5B38F0C1-5003-429C-9A6C-C533FB488EA8} = {21D4EB14-3AAF-4A2A-BF80-B227EAA15C4A}
		{1C1E3611-3038-42A0-9794-A5D7457C97E5} = {5B38F0C1-5003-429C-9A6C-C533FB488EA8}
		{70EDC496-3A23-4770-BE27-390F9961BB1C} = {1C1E3611-3038-42A0-9794-A5D7457C97E5}
		{237028AA-8915-47F7-A4D4-264447A8CCED} = {1C1E3611-3038-42A0-9794-A5D7457C97E5}
		{0BDABEE3-793E-4A94-BDDB-B5FF918B1006} = {1C1E3611-3038-42A0-9794-A5D7457C97E5}
		{C49EC742-FE90-40DE-A030-4D78BB84CCD7} = {5E90B558-B89B-41A7-8D52-5B067A58D5C0}
		{550D92AA-7979-4DFE-AB0A-291AA3ACEC99} = {C49EC742-FE90-40DE-A030-4D78BB84CCD7}
		{7787CCF0-C4D6-4779-9E2D-8E0CD25806A1} = {550D92AA-7979-4DFE-AB0A-291AA3ACEC99}
		{2A1B49CA-0471-456E-B0FF-3B58F9221729} = {550D92AA-7979-4DFE-AB0A-291AA3ACEC99}
		{74B6920E-2D7C-41F1-84F5-325AF7C3E7FB} = {550D92AA-7979-4DFE-AB0A-291AA3ACEC99}
		{3663510E-5E3A-47AE-8A4E-CF913808C069} = {87A59A7C-AD55-48BD-A316-0C7CE5A69475}
		{A7C6B0CF-A5F9-4F1C-A46B-3B3B6DC2A062} = {3663510E-5E3A-47AE-8A4E-CF913808C069}
		{F6DEA61F-E84F-4BFC-B849-00DFB8FE6B5B} = {A7C6B0CF-A5F9-4F1C-A46B-3B3B6DC2A062}
		{EF702A6E-2623-423C-A3EC-BD9FE6D4BE47} = {A7C6B0CF-A5F9-4F1C-A46B-3B3B6DC2A062}
		{3151B963-828B-4EA9-B320-D2633A3D20D5} = {A7C6B0CF-A5F9-4F1C-A46B-3B3B6DC2A062}
		{5EBE1260-9154-4662-A998-3DC29A7E2F7D} = {D388DF06-7053-4F51-87A6-F01CBE7EAEFD}
		{36F241FC-913F-420B-A46E-2E2C03E3E207} = {5EBE1260-9154-4662-A998-3DC29A7E2F7D}
		{625A37BE-DD99-4570-BB94-7A0EF4AD0D29} = {5EBE1260-9154-4662-A998-3DC29A7E2F7D}
		{3726AF9E-45C6-4F12-907F-3D64D0178427} = {5B38F0C1-5003-429C-9A6C-C533FB488EA8}
		{62AF8E5C-A63F-4CA5-AF9D-5A0B71E29EB8} = {3726AF9E-45C6-4F12-907F-3D64D0178427}
		{E9F4321C-C1B2-4771-8203-254F90C32EF0} = {3726AF9E-45C6-4F12-907F-3D64D0178427}
		{82D1402D-5ACB-413A-8EAF-E7895CA27B97} = {C49EC742-FE90-40DE-A030-4D78BB84CCD7}
		{BC5631B9-4BAE-4E44-8E15-DAAA1CDEFE31} = {82D1402D-5ACB-413A-8EAF-E7895CA27B97}
		{BE824F08-1B2B-4588-AC89-24F7DB17FDFF} = {82D1402D-5ACB-413A-8EAF-E7895CA27B97}
		{909926E1-DB72-4727-9D50-2B1483FCBD96} = {3663510E-5E3A-47AE-8A4E-CF913808C069}
		{F33032D5-A871-4291-B5D1-33A803CF9EAB} = {909926E1-DB72-4727-9D50-2B1483FCBD96}
		{46C9F15D-A09B-4C5D-96F7-E04033B53909} = {909926E1-DB72-4727-9D50-2B1483FCBD96}
		{63045E80-826F-4516-8D53-A442AFF30FAE} = {33BC2E3E-67EA-43AD-AA94-5C6CF45F3C78}
		{849BF97D-70A8-4E1B-BAC1-25C879685581} = {63045E80-826F-4516-8D53-A442AFF30FAE}
		{E10E4F01-644B-4141-B905-5E4ADCC2DB6E} = {849BF97D-70A8-4E1B-BAC1-25C879685581}
		{D4EB0F5F-38DB-4A40-A793-3622677AD84E} = {849BF97D-70A8-4E1B-BAC1-25C879685581}
		{88A782BC-9D20-4C91-B9B3-685CE1188071} = {849BF97D-70A8-4E1B-BAC1-25C879685581}
		{566C25FA-AA90-4B42-A8FC-C30FA25D2C73} = {63045E80-826F-4516-8D53-A442AFF30FAE}
		{A0FE756D-1EDC-462D-B2DB-5057552AD2A4} = {566C25FA-AA90-4B42-A8FC-C30FA25D2C73}
		{5C0F129D-B5C0-4EEF-B915-A60FE2124B30} = {566C25FA-AA90-4B42-A8FC-C30FA25D2C73}
	EndGlobalSection
EndGlobal
